
Microsoft Visual Studio Solution File, Format Version 12.00
# Visual Studio Version 17
VisualStudioVersion = 17.3.32825.248
MinimumVisualStudioVersion = 10.0.40219.1
Project("{FAE04EC0-301F-11D3-BF4B-00C04F79EFBC}") = "Practice", "Practice\Practice.csproj", "{162DBA3D-F790-4B2A-8B5E-E4B277B28570}"
EndProject
Project("{2150E333-8FDC-42A3-9474-1A3956D46DE8}") = "Laboratory1", "Laboratory1", "{F335E8FB-8A82-4EA4-8304-ADEBE1527564}"
EndProject
Global
	GlobalSection(SolutionConfigurationPlatforms) = preSolution
		Debug|Any CPU = Debug|Any CPU
		Release|Any CPU = Release|Any CPU
	EndGlobalSection
	GlobalSection(ProjectConfigurationPlatforms) = postSolution
		{162DBA3D-F790-4B2A-8B5E-E4B277B28570}.Debug|Any CPU.ActiveCfg = Debug|Any CPU
		{162DBA3D-F790-4B2A-8B5E-E4B277B28570}.Debug|Any CPU.Build.0 = Debug|Any CPU
		{162DBA3D-F790-4B2A-8B5E-E4B277B28570}.Release|Any CPU.ActiveCfg = Release|Any CPU
		{162DBA3D-F790-4B2A-8B5E-E4B277B28570}.Release|Any CPU.Build.0 = Release|Any CPU
	EndGlobalSection
	GlobalSection(SolutionProperties) = preSolution
		HideSolutionNode = FALSE
	EndGlobalSection
	GlobalSection(NestedProjects) = preSolution
		{162DBA3D-F790-4B2A-8B5E-E4B277B28570} = {F335E8FB-8A82-4EA4-8304-ADEBE1527564}
	EndGlobalSection
	GlobalSection(ExtensibilityGlobals) = postSolution
		SolutionGuid = {D8CD9514-4F59-44AC-AA90-969D5D2E2042}
	EndGlobalSection
EndGlobal
