
Microsoft Visual Studio Solution File, Format Version 12.00
# Visual Studio Version 17
VisualStudioVersion = 17.3.32825.248
MinimumVisualStudioVersion = 10.0.40219.1
Project("{9A19103F-16F7-4668-BE54-9A1E7A4F7556}") = "Practice", "Practice\Practice.csproj", "{162DBA3D-F790-4B2A-8B5E-E4B277B28570}"
EndProject
Project("{2150E333-8FDC-42A3-9474-1A3956D46DE8}") = "Laboratory1", "Laboratory1", "{F335E8FB-8A82-4EA4-8304-ADEBE1527564}"
EndProject
Project("{2150E333-8FDC-42A3-9474-1A3956D46DE8}") = "Laboratory2", "Laboratory2", "{F68227C4-E7CA-4144-96CA-D62ACDC33B0C}"
EndProject
Project("{9A19103F-16F7-4668-BE54-9A1E7A4F7556}") = "Practice2", "Practice2\Practice2.csproj", "{D951E3FA-62B6-420E-96E5-2AA6B6750C22}"
EndProject
Project("{9A19103F-16F7-4668-BE54-9A1E7A4F7556}") = "Common", "Common\Common.csproj", "{DED91A4F-463A-468A-8A0B-B7F2317B4138}"
EndProject
Project("{2150E333-8FDC-42A3-9474-1A3956D46DE8}") = "Laboratory3", "Laboratory3", "{D5B029FC-DE45-4979-8F2E-EBCC723788BD}"
EndProject
Project("{9A19103F-16F7-4668-BE54-9A1E7A4F7556}") = "Practice3", "Practice3\Practice3.csproj", "{9133AEAC-AC53-49D5-BE15-45C9E1152AAE}"
EndProject
Project("{2150E333-8FDC-42A3-9474-1A3956D46DE8}") = "Laboratory4", "Laboratory4", "{2D50E287-E560-4498-AE1F-6678B1634990}"
EndProject
Project("{9A19103F-16F7-4668-BE54-9A1E7A4F7556}") = "Practice4", "Practice4\Practice4.csproj", "{822B22C8-4C3B-4D56-A77A-ABC535B02DB4}"
EndProject
Project("{2150E333-8FDC-42A3-9474-1A3956D46DE8}") = "Laboratory5", "Laboratory5", "{2A7DCBC9-1F6B-43E4-9361-B5C9056CC99A}"
EndProject
Project("{FAE04EC0-301F-11D3-BF4B-00C04F79EFBC}") = "Practice5", "Practice5\Practice5.csproj", "{E3A01CE0-08E5-4310-BE01-F27618556478}"
EndProject
Global
	GlobalSection(SolutionConfigurationPlatforms) = preSolution
		Debug|Any CPU = Debug|Any CPU
		Release|Any CPU = Release|Any CPU
	EndGlobalSection
	GlobalSection(ProjectConfigurationPlatforms) = postSolution
		{162DBA3D-F790-4B2A-8B5E-E4B277B28570}.Debug|Any CPU.ActiveCfg = Debug|Any CPU
		{162DBA3D-F790-4B2A-8B5E-E4B277B28570}.Debug|Any CPU.Build.0 = Debug|Any CPU
		{162DBA3D-F790-4B2A-8B5E-E4B277B28570}.Release|Any CPU.ActiveCfg = Release|Any CPU
		{162DBA3D-F790-4B2A-8B5E-E4B277B28570}.Release|Any CPU.Build.0 = Release|Any CPU
		{D951E3FA-62B6-420E-96E5-2AA6B6750C22}.Debug|Any CPU.ActiveCfg = Debug|Any CPU
		{D951E3FA-62B6-420E-96E5-2AA6B6750C22}.Debug|Any CPU.Build.0 = Debug|Any CPU
		{D951E3FA-62B6-420E-96E5-2AA6B6750C22}.Release|Any CPU.ActiveCfg = Release|Any CPU
		{D951E3FA-62B6-420E-96E5-2AA6B6750C22}.Release|Any CPU.Build.0 = Release|Any CPU
		{DED91A4F-463A-468A-8A0B-B7F2317B4138}.Debug|Any CPU.ActiveCfg = Debug|Any CPU
		{DED91A4F-463A-468A-8A0B-B7F2317B4138}.Debug|Any CPU.Build.0 = Debug|Any CPU
		{DED91A4F-463A-468A-8A0B-B7F2317B4138}.Release|Any CPU.ActiveCfg = Release|Any CPU
		{DED91A4F-463A-468A-8A0B-B7F2317B4138}.Release|Any CPU.Build.0 = Release|Any CPU
		{9133AEAC-AC53-49D5-BE15-45C9E1152AAE}.Debug|Any CPU.ActiveCfg = Debug|Any CPU
		{9133AEAC-AC53-49D5-BE15-45C9E1152AAE}.Debug|Any CPU.Build.0 = Debug|Any CPU
		{9133AEAC-AC53-49D5-BE15-45C9E1152AAE}.Release|Any CPU.ActiveCfg = Release|Any CPU
		{9133AEAC-AC53-49D5-BE15-45C9E1152AAE}.Release|Any CPU.Build.0 = Release|Any CPU
		{822B22C8-4C3B-4D56-A77A-ABC535B02DB4}.Debug|Any CPU.ActiveCfg = Debug|Any CPU
		{822B22C8-4C3B-4D56-A77A-ABC535B02DB4}.Debug|Any CPU.Build.0 = Debug|Any CPU
		{822B22C8-4C3B-4D56-A77A-ABC535B02DB4}.Release|Any CPU.ActiveCfg = Release|Any CPU
		{822B22C8-4C3B-4D56-A77A-ABC535B02DB4}.Release|Any CPU.Build.0 = Release|Any CPU
		{E3A01CE0-08E5-4310-BE01-F27618556478}.Debug|Any CPU.ActiveCfg = Debug|Any CPU
		{E3A01CE0-08E5-4310-BE01-F27618556478}.Debug|Any CPU.Build.0 = Debug|Any CPU
		{E3A01CE0-08E5-4310-BE01-F27618556478}.Release|Any CPU.ActiveCfg = Release|Any CPU
		{E3A01CE0-08E5-4310-BE01-F27618556478}.Release|Any CPU.Build.0 = Release|Any CPU
	EndGlobalSection
	GlobalSection(SolutionProperties) = preSolution
		HideSolutionNode = FALSE
	EndGlobalSection
	GlobalSection(NestedProjects) = preSolution
		{162DBA3D-F790-4B2A-8B5E-E4B277B28570} = {F335E8FB-8A82-4EA4-8304-ADEBE1527564}
		{D951E3FA-62B6-420E-96E5-2AA6B6750C22} = {F68227C4-E7CA-4144-96CA-D62ACDC33B0C}
		{9133AEAC-AC53-49D5-BE15-45C9E1152AAE} = {D5B029FC-DE45-4979-8F2E-EBCC723788BD}
		{822B22C8-4C3B-4D56-A77A-ABC535B02DB4} = {2D50E287-E560-4498-AE1F-6678B1634990}
		{E3A01CE0-08E5-4310-BE01-F27618556478} = {2A7DCBC9-1F6B-43E4-9361-B5C9056CC99A}
	EndGlobalSection
	GlobalSection(ExtensibilityGlobals) = postSolution
		SolutionGuid = {D8CD9514-4F59-44AC-AA90-969D5D2E2042}
	EndGlobalSection
EndGlobal
